{
	"name": "smol-gitstat",
	"version": "1.0.0",
	"lockfileVersion": 3,
	"requires": true,
	"packages": {
		"": {
			"name": "smol-gitstat",
			"version": "1.0.0",
			"license": "ISC",
			"dependencies": {
				"@simple-libs/child-process-utils": "1.0.1",
				"@simple-libs/stream-utils": "1.1.0"
			},
			"devDependencies": {
				"typescript": "5.9.3"
			}
		},
		"node_modules/@simple-libs/child-process-utils": {
			"version": "1.0.1",
			"resolved": "https://registry.npmjs.org/@simple-libs/child-process-utils/-/child-process-utils-1.0.1.tgz",
			"integrity": "sha512-3nWd8irxvDI6v856wpPCHZ+08iQR0oHTZfzAZmnbsLzf+Sf1odraP6uKOHDZToXq3RPRV/LbqGVlSCogm9cJjg==",
			"license": "MIT",
			"dependencies": {
				"@simple-libs/stream-utils": "^1.1.0",
				"@types/node": "^22.0.0"
			},
			"engines": {
				"node": ">=18"
			},
			"funding": {
				"url": "https://ko-fi.com/dangreen"
			}
		},
		"node_modules/@simple-libs/stream-utils": {
			"version": "1.1.0",
			"resolved": "https://registry.npmjs.org/@simple-libs/stream-utils/-/stream-utils-1.1.0.tgz",
			"integrity": "sha512-6rsHTjodIn/t90lv5snQjRPVtOosM7Vp0AKdrObymq45ojlgVwnpAqdc+0OBBrpEiy31zZ6/TKeIVqV1HwvnuQ==",
			"license": "MIT",
			"dependencies": {
				"@types/node": "^22.0.0"
			},
			"engines": {
				"node": ">=18"
			},
			"funding": {
				"url": "https://ko-fi.com/dangreen"
			}
		},
		"node_modules/@types/node": {
			"version": "22.19.3",
			"resolved": "https://registry.npmjs.org/@types/node/-/node-22.19.3.tgz",
			"integrity": "sha512-1N9SBnWYOJTrNZCdh/yJE+t910Y128BoyY+zBLWhL3r0TYzlTmFdXrPwHL9DyFZmlEXNQQolTZh3KHV31QDhyA==",
			"license": "MIT",
			"dependencies": {
				"undici-types": "~6.21.0"
			}
		},
		"node_modules/typescript": {
			"version": "5.9.3",
			"resolved": "https://registry.npmjs.org/typescript/-/typescript-5.9.3.tgz",
			"integrity": "sha512-jl1vZzPDinLr9eUt3J/t7V6FgNEw9QjvBPdysz9KfQDD41fQrC2Y4vKQdiaUpFT4bXlb1RHhLpp8wtm6M5TgSw==",
			"dev": true,
			"license": "Apache-2.0",
			"bin": {
				"tsc": "bin/tsc",
				"tsserver": "bin/tsserver"
			},
			"engines": {
				"node": ">=14.17"
			}
		},
		"node_modules/undici-types": {
			"version": "6.21.0",
			"resolved": "https://registry.npmjs.org/undici-types/-/undici-types-6.21.0.tgz",
			"integrity": "sha512-iwDZqg0QAGrg9Rav5H4n0M64c3mkR59cJ6wQp+7C4nI0gsmExaedaYLNO44eT4AtBBwjbTiGPMlt2Md0T9H9JQ==",
			"license": "MIT"
		}
	}
}
